
Microsoft Visual Studio Solution File, Format Version 12.00
# Visual Studio Version 17
VisualStudioVersion = 17.14.36518.9 d17.14
MinimumVisualStudioVersion = 10.0.40219.1
Project("{FAE04EC0-301F-11D3-BF4B-00C04F79EFBC}") = "ProductClientHub.API", "ProductClientHub.API\ProductClientHub.API.csproj", "{AB659ED6-557A-4526-B66A-532C4E19B028}"
EndProject
Project("{FAE04EC0-301F-11D3-BF4B-00C04F79EFBC}") = "ProductClientHub.Communication", "ProductClientHub.Communication\ProductClientHub.Communication.csproj", "{296273B0-2975-48FD-B916-E5EDE46C7FB3}"
EndProject
Project("{FAE04EC0-301F-11D3-BF4B-00C04F79EFBC}") = "ProductClientHub.Exceptions", "ProductClientHub.Exceptions\ProductClientHub.Exceptions.csproj", "{2246524C-2228-4A3B-9BCE-72F929175C59}"
EndProject
Global
	GlobalSection(SolutionConfigurationPlatforms) = preSolution
		Debug|Any CPU = Debug|Any CPU
		Release|Any CPU = Release|Any CPU
	EndGlobalSection
	GlobalSection(ProjectConfigurationPlatforms) = postSolution
		{AB659ED6-557A-4526-B66A-532C4E19B028}.Debug|Any CPU.ActiveCfg = Debug|Any CPU
		{AB659ED6-557A-4526-B66A-532C4E19B028}.Debug|Any CPU.Build.0 = Debug|Any CPU
		{AB659ED6-557A-4526-B66A-532C4E19B028}.Release|Any CPU.ActiveCfg = Release|Any CPU
		{AB659ED6-557A-4526-B66A-532C4E19B028}.Release|Any CPU.Build.0 = Release|Any CPU
		{296273B0-2975-48FD-B916-E5EDE46C7FB3}.Debug|Any CPU.ActiveCfg = Debug|Any CPU
		{296273B0-2975-48FD-B916-E5EDE46C7FB3}.Debug|Any CPU.Build.0 = Debug|Any CPU
		{296273B0-2975-48FD-B916-E5EDE46C7FB3}.Release|Any CPU.ActiveCfg = Release|Any CPU
		{296273B0-2975-48FD-B916-E5EDE46C7FB3}.Release|Any CPU.Build.0 = Release|Any CPU
		{2246524C-2228-4A3B-9BCE-72F929175C59}.Debug|Any CPU.ActiveCfg = Debug|Any CPU
		{2246524C-2228-4A3B-9BCE-72F929175C59}.Debug|Any CPU.Build.0 = Debug|Any CPU
		{2246524C-2228-4A3B-9BCE-72F929175C59}.Release|Any CPU.ActiveCfg = Release|Any CPU
		{2246524C-2228-4A3B-9BCE-72F929175C59}.Release|Any CPU.Build.0 = Release|Any CPU
	EndGlobalSection
	GlobalSection(SolutionProperties) = preSolution
		HideSolutionNode = FALSE
	EndGlobalSection
	GlobalSection(ExtensibilityGlobals) = postSolution
		SolutionGuid = {CA058C87-1B75-4626-A0D5-C58AEA459A3D}
	EndGlobalSection
EndGlobal
